
Microsoft Visual Studio Solution File, Format Version 12.00
# Visual Studio Version 17
VisualStudioVersion = 17.14.36414.22 d17.14
MinimumVisualStudioVersion = 10.0.40219.1
Project("{FAE04EC0-301F-11D3-BF4B-00C04F79EFBC}") = "webAPI", "webAPI\webAPI.csproj", "{65E83360-D00A-41A9-9E38-47803D3B1957}"
EndProject
Project("{FAE04EC0-301F-11D3-BF4B-00C04F79EFBC}") = "DataAccess", "DataAccess\DataAccess.csproj", "{274EB18D-59E7-464F-8CCB-04163A16B81E}"
EndProject
Global
	GlobalSection(SolutionConfigurationPlatforms) = preSolution
		Debug|Any CPU = Debug|Any CPU
		Release|Any CPU = Release|Any CPU
	EndGlobalSection
	GlobalSection(ProjectConfigurationPlatforms) = postSolution
		{65E83360-D00A-41A9-9E38-47803D3B1957}.Debug|Any CPU.ActiveCfg = Debug|Any CPU
		{65E83360-D00A-41A9-9E38-47803D3B1957}.Debug|Any CPU.Build.0 = Debug|Any CPU
		{65E83360-D00A-41A9-9E38-47803D3B1957}.Release|Any CPU.ActiveCfg = Release|Any CPU
		{65E83360-D00A-41A9-9E38-47803D3B1957}.Release|Any CPU.Build.0 = Release|Any CPU
		{274EB18D-59E7-464F-8CCB-04163A16B81E}.Debug|Any CPU.ActiveCfg = Debug|Any CPU
		{274EB18D-59E7-464F-8CCB-04163A16B81E}.Debug|Any CPU.Build.0 = Debug|Any CPU
		{274EB18D-59E7-464F-8CCB-04163A16B81E}.Release|Any CPU.ActiveCfg = Release|Any CPU
		{274EB18D-59E7-464F-8CCB-04163A16B81E}.Release|Any CPU.Build.0 = Release|Any CPU
	EndGlobalSection
	GlobalSection(SolutionProperties) = preSolution
		HideSolutionNode = FALSE
	EndGlobalSection
	GlobalSection(ExtensibilityGlobals) = postSolution
		SolutionGuid = {122266BC-FCAE-4970-8B6F-52FE8581A744}
	EndGlobalSection
EndGlobal
